{
    "_meta": {
        "hash": {
            "sha256": "cfe29be3c8ea36b6e79ebb5eb5c7f1db2e0e42ba421e957a7a6426b744a3d5c0"
        },
        "pipfile-spec": 6,
        "requires": {
            "python_full_version": "3.12.2",
            "python_version": "3.12"
        },
        "sources": [
            {
                "name": "pypi",
                "url": "https://pypi.org/simple",
                "verify_ssl": true
            }
        ]
    },
    "default": {},
    "develop": {}
}
